
Microsoft Visual Studio Solution File, Format Version 12.00
# Visual Studio 15
VisualStudioVersion = 15.0.26124.0
MinimumVisualStudioVersion = 15.0.26124.0
Project("{FAE04EC0-301F-11D3-BF4B-00C04F79EFBC}") = "dark-place-game", "dark-place-game\dark-place-game.csproj", "{1775C2EF-56C5-48EC-AF9C-766AB384F4EF}"
EndProject
Project("{FAE04EC0-301F-11D3-BF4B-00C04F79EFBC}") = "dark-place-game.tests", "dark-place-game.tests\dark-place-game.tests.csproj", "{15A1D8E6-BD96-4170-823F-E8098D424B15}"
EndProject
Global
	GlobalSection(SolutionConfigurationPlatforms) = preSolution
		Debug|Any CPU = Debug|Any CPU
		Debug|x64 = Debug|x64
		Debug|x86 = Debug|x86
		Release|Any CPU = Release|Any CPU
		Release|x64 = Release|x64
		Release|x86 = Release|x86
	EndGlobalSection
	GlobalSection(SolutionProperties) = preSolution
		HideSolutionNode = FALSE
	EndGlobalSection
	GlobalSection(ProjectConfigurationPlatforms) = postSolution
		{1775C2EF-56C5-48EC-AF9C-766AB384F4EF}.Debug|Any CPU.ActiveCfg = Debug|Any CPU
		{1775C2EF-56C5-48EC-AF9C-766AB384F4EF}.Debug|Any CPU.Build.0 = Debug|Any CPU
		{1775C2EF-56C5-48EC-AF9C-766AB384F4EF}.Debug|x64.ActiveCfg = Debug|Any CPU
		{1775C2EF-56C5-48EC-AF9C-766AB384F4EF}.Debug|x64.Build.0 = Debug|Any CPU
		{1775C2EF-56C5-48EC-AF9C-766AB384F4EF}.Debug|x86.ActiveCfg = Debug|Any CPU
		{1775C2EF-56C5-48EC-AF9C-766AB384F4EF}.Debug|x86.Build.0 = Debug|Any CPU
		{1775C2EF-56C5-48EC-AF9C-766AB384F4EF}.Release|Any CPU.ActiveCfg = Release|Any CPU
		{1775C2EF-56C5-48EC-AF9C-766AB384F4EF}.Release|Any CPU.Build.0 = Release|Any CPU
		{1775C2EF-56C5-48EC-AF9C-766AB384F4EF}.Release|x64.ActiveCfg = Release|Any CPU
		{1775C2EF-56C5-48EC-AF9C-766AB384F4EF}.Release|x64.Build.0 = Release|Any CPU
		{1775C2EF-56C5-48EC-AF9C-766AB384F4EF}.Release|x86.ActiveCfg = Release|Any CPU
		{1775C2EF-56C5-48EC-AF9C-766AB384F4EF}.Release|x86.Build.0 = Release|Any CPU
		{15A1D8E6-BD96-4170-823F-E8098D424B15}.Debug|Any CPU.ActiveCfg = Debug|Any CPU
		{15A1D8E6-BD96-4170-823F-E8098D424B15}.Debug|Any CPU.Build.0 = Debug|Any CPU
		{15A1D8E6-BD96-4170-823F-E8098D424B15}.Debug|x64.ActiveCfg = Debug|Any CPU
		{15A1D8E6-BD96-4170-823F-E8098D424B15}.Debug|x64.Build.0 = Debug|Any CPU
		{15A1D8E6-BD96-4170-823F-E8098D424B15}.Debug|x86.ActiveCfg = Debug|Any CPU
		{15A1D8E6-BD96-4170-823F-E8098D424B15}.Debug|x86.Build.0 = Debug|Any CPU
		{15A1D8E6-BD96-4170-823F-E8098D424B15}.Release|Any CPU.ActiveCfg = Release|Any CPU
		{15A1D8E6-BD96-4170-823F-E8098D424B15}.Release|Any CPU.Build.0 = Release|Any CPU
		{15A1D8E6-BD96-4170-823F-E8098D424B15}.Release|x64.ActiveCfg = Release|Any CPU
		{15A1D8E6-BD96-4170-823F-E8098D424B15}.Release|x64.Build.0 = Release|Any CPU
		{15A1D8E6-BD96-4170-823F-E8098D424B15}.Release|x86.ActiveCfg = Release|Any CPU
		{15A1D8E6-BD96-4170-823F-E8098D424B15}.Release|x86.Build.0 = Release|Any CPU
	EndGlobalSection
EndGlobal
